{
  "lockfileVersion": 1,
  "configVersion": 1,
  "workspaces": {
    "": {
      "name": "rldyour-ai-cli-runtime",
      "dependencies": {
        "@anthropic-ai/claude-code": "2.1.206",
        "@mimo-ai/cli": "0.1.5",
        "@openai/codex": "0.144.1",
        "opencode-ai": "1.17.18",
      },
    },
  },
  "packages": {
    "@anthropic-ai/claude-code": ["@anthropic-ai/claude-code@2.1.206", "", { "optionalDependencies": { "@anthropic-ai/claude-code-darwin-arm64": "2.1.206", "@anthropic-ai/claude-code-darwin-x64": "2.1.206", "@anthropic-ai/claude-code-linux-arm64": "2.1.206", "@anthropic-ai/claude-code-linux-arm64-musl": "2.1.206", "@anthropic-ai/claude-code-linux-x64": "2.1.206", "@anthropic-ai/claude-code-linux-x64-musl": "2.1.206", "@anthropic-ai/claude-code-win32-arm64": "2.1.206", "@anthropic-ai/claude-code-win32-x64": "2.1.206" }, "bin": { "claude": "bin/claude.exe" } }, "sha512-THRCtnNNX5usIEdf4ulEv31Fq/WL55sD5u8Y6rQLTEmLkwAKdHo1FhfWzfHI3ur/gJ0SU5x4irpvY7VAIXX24w=="],

    "@anthropic-ai/claude-code-darwin-arm64": ["@anthropic-ai/claude-code-darwin-arm64@2.1.206", "", { "os": "darwin", "cpu": "arm64" }, "sha512-Ekgwt6+LKzhlr0B2qXGKZfe6xAsPBFCL21dF78J0ygMj2y15QBFEzmRU24C/xb/R1hazNu0MYgo5qdkbeOlbYQ=="],

    "@anthropic-ai/claude-code-darwin-x64": ["@anthropic-ai/claude-code-darwin-x64@2.1.206", "", { "os": "darwin", "cpu": "x64" }, "sha512-OHve/P/ascXQIbcqr9r5/pvNB0z408EaYvcP20yd4fbbWz1Dl2x5QgZ8iIR9Rb591RezhpV4tf4SOxqQkI5pAA=="],

    "@anthropic-ai/claude-code-linux-arm64": ["@anthropic-ai/claude-code-linux-arm64@2.1.206", "", { "os": "linux", "cpu": "arm64" }, "sha512-z+Zf0BHOH3dSZKHSLhzHt15+JMk1l0WX357F12FiA7Dr5uf/LFOPzvvd6YME/Vr1qVdRpvt0ZbKJMw50oQ/WeA=="],

    "@anthropic-ai/claude-code-linux-arm64-musl": ["@anthropic-ai/claude-code-linux-arm64-musl@2.1.206", "", { "os": "linux", "cpu": "arm64" }, "sha512-7F2f4PRKfncjIUK5HMTiPNqg3+QZIWR97OjLvZrX1+/hkMM9n0uuJjcUDWBJd+yJbpTWeoKGLWdSCDNJHffViA=="],

    "@anthropic-ai/claude-code-linux-x64": ["@anthropic-ai/claude-code-linux-x64@2.1.206", "", { "os": "linux", "cpu": "x64" }, "sha512-LDnlSRGwOYv7Xmy3MOD16oB10bhujrt1OF1/JYwzYt/SwwyKlN6avPYGE6Eipy1yDymHlw8Q2UcBhqKP3L0+qg=="],

    "@anthropic-ai/claude-code-linux-x64-musl": ["@anthropic-ai/claude-code-linux-x64-musl@2.1.206", "", { "os": "linux", "cpu": "x64" }, "sha512-8/o0D+yEqPvdgbzsbIxYUneGku/1xARTo0127jIrfYXLJKKhzfLwpBf+KRoolqTBMyBS8wUl1osHxXmZQ5tbAw=="],

    "@anthropic-ai/claude-code-win32-arm64": ["@anthropic-ai/claude-code-win32-arm64@2.1.206", "", { "os": "win32", "cpu": "arm64" }, "sha512-qnUN4WvHxv8AWsr+9xl1OCEl063GD4HxnfOmiq3Q/Q49xACJVYnn8uqsxymYIY/pkOJkuMCIxik30oLNGSpeeA=="],

    "@anthropic-ai/claude-code-win32-x64": ["@anthropic-ai/claude-code-win32-x64@2.1.206", "", { "os": "win32", "cpu": "x64" }, "sha512-TqXDZVdi84rE8IYdTZ6rpEVVMiuv1sGpPQPCrABPIE8Any/9O86MYpGV60EnZcEeBv4W/pdg1OLfVoh7EzprmQ=="],

    "@mimo-ai/cli": ["@mimo-ai/cli@0.1.5", "", { "optionalDependencies": { "@mimo-ai/mimocode-darwin-arm64": "0.1.5", "@mimo-ai/mimocode-darwin-x64": "0.1.5", "@mimo-ai/mimocode-darwin-x64-baseline": "0.1.5", "@mimo-ai/mimocode-linux-arm64": "0.1.5", "@mimo-ai/mimocode-linux-arm64-musl": "0.1.5", "@mimo-ai/mimocode-linux-x64": "0.1.5", "@mimo-ai/mimocode-linux-x64-baseline": "0.1.5", "@mimo-ai/mimocode-linux-x64-baseline-musl": "0.1.5", "@mimo-ai/mimocode-linux-x64-musl": "0.1.5", "@mimo-ai/mimocode-windows-arm64": "0.1.5", "@mimo-ai/mimocode-windows-x64": "0.1.5", "@mimo-ai/mimocode-windows-x64-baseline": "0.1.5" }, "bin": { "mimo": "bin/mimo" } }, "sha512-9qmFr0IAOuKOORy40P3CTSJcDx3GEIyT+27nTcRdVT/n6PjmhIdya8nvtdh6kCWSy5MBZEioRdaOC2sksq2uqw=="],

    "@mimo-ai/mimocode-darwin-arm64": ["@mimo-ai/mimocode-darwin-arm64@0.1.5", "", { "os": "darwin", "cpu": "arm64" }, "sha512-vVn4+oYwJLCnl4rEkpQ1IVDq2UYcuAGmSAo8NZspxKs0A1qk+7omJcqMZplK1WVD0XpkKuxAY78hMylmWd8wng=="],

    "@mimo-ai/mimocode-darwin-x64": ["@mimo-ai/mimocode-darwin-x64@0.1.5", "", { "os": "darwin", "cpu": "x64" }, "sha512-meiZLb7Xja5HAiV4iH5U1TBY/b+vvyo41AXmdP+YFvsVjgtb9tVmDBWBdSsDKjwtPLqrrtzPrDl0VnBaRvEn7A=="],

    "@mimo-ai/mimocode-darwin-x64-baseline": ["@mimo-ai/mimocode-darwin-x64-baseline@0.1.5", "", { "os": "darwin", "cpu": "x64" }, "sha512-rndshZoFDl9UBQS5bd9gti2lyF6NVkoygz9viXwkMVeANUcPelygEeKAqIlmsdaebBw5L1rfHKvmt1uJucUthw=="],

    "@mimo-ai/mimocode-linux-arm64": ["@mimo-ai/mimocode-linux-arm64@0.1.5", "", { "os": "linux", "cpu": "arm64" }, "sha512-N+63xdv6lo1796h9V0uuXcF/KZq5jrQgozcxtk2/wVpWlOQky+yEniHhHI2dby5tyRShwCqta9iLVr9eLqoD2A=="],

    "@mimo-ai/mimocode-linux-arm64-musl": ["@mimo-ai/mimocode-linux-arm64-musl@0.1.5", "", { "os": "linux", "cpu": "arm64" }, "sha512-7ZOu2icsI7D7YtQVRxPXTj1/BEudqMUg8oJOguO6SVO84FatZFRRL/N0m77LKvnEWSt0hp2ZZy+KyEkvgHe7vA=="],

    "@mimo-ai/mimocode-linux-x64": ["@mimo-ai/mimocode-linux-x64@0.1.5", "", { "os": "linux", "cpu": "x64" }, "sha512-PeBjmCi+Ca6BoXnWMtWSyBNN1StlqXpNtMzMWdk96CTbkBdIHT3MkCHKQUZxwm5674e3V7uZN80Q3CoicDvs6A=="],

    "@mimo-ai/mimocode-linux-x64-baseline": ["@mimo-ai/mimocode-linux-x64-baseline@0.1.5", "", { "os": "linux", "cpu": "x64" }, "sha512-ML1kZNs/BbgXSc+ydboxDUc5xlklXsXSE3K/ig9D9hdFY/7qza0+vQcnCYVSXpHxhNKzIM5oEeSEyxKBvX0knw=="],

    "@mimo-ai/mimocode-linux-x64-baseline-musl": ["@mimo-ai/mimocode-linux-x64-baseline-musl@0.1.5", "", { "os": "linux", "cpu": "x64" }, "sha512-KIoebD/ApcCGMaH6jH9cFoCqq+nn/zjRFxdd3LKbmB4Y3tgmAiXcxwkaDApjLHZPYbC/IqvLSFZHwN3P6/8Bvg=="],

    "@mimo-ai/mimocode-linux-x64-musl": ["@mimo-ai/mimocode-linux-x64-musl@0.1.5", "", { "os": "linux", "cpu": "x64" }, "sha512-eMUTB2iBBb/j9lXQmL0GcX7UzybeiTpK5brFqL6ZfjBll+6nwi0bYY0e3H8qLbMSwBZpiva3pKErvIbrtIOSOA=="],

    "@mimo-ai/mimocode-windows-arm64": ["@mimo-ai/mimocode-windows-arm64@0.1.5", "", { "os": "win32", "cpu": "arm64" }, "sha512-kkTtLGDhr7ppJDDBGH5AP73bWdwZwCRVCdWvo7yaMBO4fDr+KaehtXhU0U+rlN7FYWcGP4Ftt5jHzDpsOj85Tw=="],

    "@mimo-ai/mimocode-windows-x64": ["@mimo-ai/mimocode-windows-x64@0.1.5", "", { "os": "win32", "cpu": "x64" }, "sha512-pr9/XivDkw8BSE9QOkHe+jVt3lvq6KazS++bMB+PQZfScYJj5j07SNIp5EbmGcLpjlRskH57Cvwx81jiKu1FIQ=="],

    "@mimo-ai/mimocode-windows-x64-baseline": ["@mimo-ai/mimocode-windows-x64-baseline@0.1.5", "", { "os": "win32", "cpu": "x64" }, "sha512-/YTHjL6YUO3DIFbSGnsKuZYmmtdPE1zoS0bquT38gZTd1f2KyEhvONChoeopCRAIAeJzhvic2MgPn0QS9Xehiw=="],

    "@openai/codex": ["@openai/codex@0.144.1", "", { "optionalDependencies": { "@openai/codex-darwin-arm64": "npm:@openai/codex@0.144.1-darwin-arm64", "@openai/codex-darwin-x64": "npm:@openai/codex@0.144.1-darwin-x64", "@openai/codex-linux-arm64": "npm:@openai/codex@0.144.1-linux-arm64", "@openai/codex-linux-x64": "npm:@openai/codex@0.144.1-linux-x64", "@openai/codex-win32-arm64": "npm:@openai/codex@0.144.1-win32-arm64", "@openai/codex-win32-x64": "npm:@openai/codex@0.144.1-win32-x64" }, "bin": { "codex": "bin/codex.js" } }, "sha512-Xir1zqPfpenhdoAoshN53uonzbBXj18COyzRkFlVZpSNyEl5XtkuYu9oddELePFN7K/0sXUcSO34Ad5IeCXPbw=="],

    "@openai/codex-darwin-arm64": ["@openai/codex@0.144.1-darwin-arm64", "", { "os": "darwin", "cpu": "arm64" }, "sha512-dABeDK+ATqMG54MGBd3VjpKfh5EOoqx9PKVQB2QYDaEXx3F6CdUCXue5QIMfr4OxziUj8pUcLAQyd+KFqiTUFw=="],

    "@openai/codex-darwin-x64": ["@openai/codex@0.144.1-darwin-x64", "", { "os": "darwin", "cpu": "x64" }, "sha512-K2g3Q3tNxzFhV0SuzO6HcsYK7EQrp/o4HyeReyhkwVrwwUPoYwyIbB0IRjHIiDzRhbKriDccid2iyF5aPqdTcg=="],

    "@openai/codex-linux-arm64": ["@openai/codex@0.144.1-linux-arm64", "", { "os": "linux", "cpu": "arm64" }, "sha512-451o15+XtaXCCb35t/KCyyPqXHnTPxPxtdqEYOnE3e4sH5AfnI/uVJwfdjOksMG6vRLy6R+fLvSDOMguRFLmQw=="],

    "@openai/codex-linux-x64": ["@openai/codex@0.144.1-linux-x64", "", { "os": "linux", "cpu": "x64" }, "sha512-HNGVI+BulrOaC/0IzBvd6EL62j7LrlbFKibrhw6hZjjCjAeUYzRB2jB4qDzXN1NfqDi6Xrvniof3kwbwab24lg=="],

    "@openai/codex-win32-arm64": ["@openai/codex@0.144.1-win32-arm64", "", { "os": "win32", "cpu": "arm64" }, "sha512-L4aDVEh9o1u7WYoxpSyv3un9Bz26YZYocOFqE2oHdEQDL2s6/LdtutLQc3oUZruLlEbkNsjSU0HI1OKsP0+Ctg=="],

    "@openai/codex-win32-x64": ["@openai/codex@0.144.1-win32-x64", "", { "os": "win32", "cpu": "x64" }, "sha512-qv2HOp6v/nVP31p5I5GxYyL0wa79PMzim1+W9CKSV0UldjFV9AMbualA8PeXcYhbvvh9Y1UASXxwjuQdlyfAvw=="],

    "opencode-ai": ["opencode-ai@1.17.18", "", { "optionalDependencies": { "opencode-darwin-arm64": "1.17.18", "opencode-darwin-x64": "1.17.18", "opencode-darwin-x64-baseline": "1.17.18", "opencode-linux-arm64": "1.17.18", "opencode-linux-arm64-musl": "1.17.18", "opencode-linux-x64": "1.17.18", "opencode-linux-x64-baseline": "1.17.18", "opencode-linux-x64-baseline-musl": "1.17.18", "opencode-linux-x64-musl": "1.17.18", "opencode-windows-arm64": "1.17.18", "opencode-windows-x64": "1.17.18", "opencode-windows-x64-baseline": "1.17.18" }, "os": [ "linux", "win32", "darwin", ], "cpu": [ "x64", "arm64", ], "bin": { "opencode": "bin/opencode.exe" } }, "sha512-gpCE5X3dwvYam2ba9r3mw+FTPBTDlmKkguiOoYF1nv9MVA3sDIXje3tPQ+EMNxYkWD43FN3+eVC1GW6tRO9Aiw=="],

    "opencode-darwin-arm64": ["opencode-darwin-arm64@1.17.18", "", { "os": "darwin", "cpu": "arm64" }, "sha512-wcnsPXxNnIggdva8rQ2KAWi17GdyDL4joAT+M/+UqkRFXhTBgfScWiWyCAGpZitDlpxd0K5W79NPjal54A8aiw=="],

    "opencode-darwin-x64": ["opencode-darwin-x64@1.17.18", "", { "os": "darwin", "cpu": "x64" }, "sha512-WwTwf6pCMkJ4ed3l6mLn2+eVz+Yli+5ijine0Hx7r+LVUYv9Odo46lHO4ZLd2m/dbnnDcX5xHNklasBNfCkBEQ=="],

    "opencode-darwin-x64-baseline": ["opencode-darwin-x64-baseline@1.17.18", "", { "os": "darwin", "cpu": "x64" }, "sha512-kkUWjHQBtYtbtoAxV7N8srXpAdWu7ajynnrUQ/raHhJc2HnsR3Ud6/Ms60YSpNWOuCZ/WgtISpXkg12E7opvcA=="],

    "opencode-linux-arm64": ["opencode-linux-arm64@1.17.18", "", { "os": "linux", "cpu": "arm64" }, "sha512-VrTs+uQndp+B442Bfxf1a7BX9599gARjQCJ+MVCkcxl4Dr4gbBw7EfjKgGvhCqKUN5Hv2I7hUG/EZ1Ix3T6xrw=="],

    "opencode-linux-arm64-musl": ["opencode-linux-arm64-musl@1.17.18", "", { "os": "linux", "cpu": "arm64" }, "sha512-KW+77OknysG0gkD8tRzIcFKuv2mJR3jDtEQcCOhXmkAEWv7rEIqaDehWDa35F7AKjNJnJ4f6P7dDLMDJeQztHg=="],

    "opencode-linux-x64": ["opencode-linux-x64@1.17.18", "", { "os": "linux", "cpu": "x64" }, "sha512-8BmT22yp7pCXXu/HvAMaJsNNd6xhmlUrGs5YZSfU0neZfkSZg+Dkf9IGsuOugOtL0x2erDg2/6rRBpcJAGmTrA=="],

    "opencode-linux-x64-baseline": ["opencode-linux-x64-baseline@1.17.18", "", { "os": "linux", "cpu": "x64" }, "sha512-ZHgobRKdHocQJSAzrz/ekKBjN1cScB+u07Zgr5Hzks2zm+ZyuN5zvx/NOKM7ImPEy3TQ0+swXvtoYKCOE4Tpbw=="],

    "opencode-linux-x64-baseline-musl": ["opencode-linux-x64-baseline-musl@1.17.18", "", { "os": "linux", "cpu": "x64" }, "sha512-e4/FLdohz2euPXsziktv7mKrYLO01R4n7bwMvhAcPDaYc9zCagHUoALZVYm0BXtVB6YikaIfnHsbAIAgNlC37w=="],

    "opencode-linux-x64-musl": ["opencode-linux-x64-musl@1.17.18", "", { "os": "linux", "cpu": "x64" }, "sha512-3pWmNMZ08vsOVnQcOydqnE66NTZjqMZllcX6M9w+nCbQ2Edi6xWL1NMiW9MFvjyJMuOxTqzif6RvpIcK3CZHxw=="],

    "opencode-windows-arm64": ["opencode-windows-arm64@1.17.18", "", { "os": "win32", "cpu": "arm64" }, "sha512-5vtCGvt3k1RbhiB31Sg4Q0H1Qy+npFMD1y4N3fhx8X+Dyrzfly7SPQNQPtSt8nDluRhcCB0oFl9suDew2q2YOg=="],

    "opencode-windows-x64": ["opencode-windows-x64@1.17.18", "", { "os": "win32", "cpu": "x64" }, "sha512-6i17BI5tmQvopBm6lwerPu2I7p2BYneX7XDlHYeVCy9+INL0T8sD8Ww+Lobqs76E8kepwP1NVqEFzs5DkLYVJw=="],

    "opencode-windows-x64-baseline": ["opencode-windows-x64-baseline@1.17.18", "", { "os": "win32", "cpu": "x64" }, "sha512-pt9ga2UcoTUo6+/rFvZZ+KOxHXkVMHPqBi3tVjI/B96icAGtpXNPDznK+HuahBFKKMr9y8pwu17yd94Vn+gMMg=="],
  }
}
