# GENERATED FILE - DO NOT EDIT DIRECTLY
schema_version: 1

bundle:
  version: "0.1.0-dev"
  release_sequence: 0
  channel: "development"
  source_commit: "e62fc6883e1a15a5bf7a607251f3443085a69807"
  digest: "sha256:844fe5badbf54d056c6dc15195a660113b4f292bacb144fcbc0e28ba66162fc4"

projection:
  input_digest: "sha256:a245f0aec17a37b5ca46893568d358ebc6021598fb8270bc5dd40b06d0782c07"
  output_digest: "sha256:6f3d523314015abcf9a81dd15c6e43af64ae20446581e31f0d1aaa5921aa64d5"
  files:
    - path: ".gds/compiled-policy.json"
      digest: "sha256:754805b51a419c71b13696ee6907ed42554842f08845668517cff0325827758c"
