# GENERATED FILE - DO NOT EDIT DIRECTLY
schema_version: 1

bundle:
  version: "0.1.0-dev"
  release_sequence: 0
  channel: "development"
  source_commit: "97e8bbaa3a0734b156b03bad704503bc46d7575b"
  digest: "sha256:fd66beb15c847e94b68a00083df5f218c22f4e1174d39d4bd10ed7fb321b13bc"

projection:
  input_digest: "sha256:19ff7e04de723092c869899766d365e836063fb3c3af9985805b3d35a4d0045c"
  output_digest: "sha256:5f83ac2acc52bcd57e34ed7135da68590140931a13dad811630030aeae6451b4"
  files:
    - path: ".gds/compiled-policy.json"
      digest: "sha256:ce7000686bceed0c48158b5875ff1f7a0f6853859bba1654bbc140647d1d6010"
